// !$*UTF8*$!
{
	archiveVersion = 1;
	classes = {
	};
	objectVersion = 46;
	objects = {

/* Begin PBXBuildFile section */
		9C2527CA1D0E77EF00BAB8CA /* 2.gif in Resources */ = {isa = PBXBuildFile; fileRef = 9C2527C91D0E77EF00BAB8CA /* 2.gif */; };
		9C2F1E271D0E6DBE00A4904A /* EntertainmentViewController.m in Sources */ = {isa = PBXBuildFile; fileRef = 9C2F1E261D0E6DBE00A4904A /* EntertainmentViewController.m */; };
		9C2F1E2A1D0E6DD300A4904A /* FashionViewController.m in Sources */ = {isa = PBXBuildFile; fileRef = 9C2F1E291D0E6DD300A4904A /* FashionViewController.m */; };
		9C2F1E2D1D0E6DDD00A4904A /* FunnyViewController.m in Sources */ = {isa = PBXBuildFile; fileRef = 9C2F1E2C1D0E6DDD00A4904A /* FunnyViewController.m */; };
		9C2F1E301D0E6DEB00A4904A /* MilitaryViewController.m in Sources */ = {isa = PBXBuildFile; fileRef = 9C2F1E2F1D0E6DEB00A4904A /* MilitaryViewController.m */; };
		9C2F1E331D0E6DF900A4904A /* MitoViewController.m in Sources */ = {isa = PBXBuildFile; fileRef = 9C2F1E321D0E6DF900A4904A /* MitoViewController.m */; };
		9C2F1E361D0E6E0300A4904A /* RecommendViewController.m in Sources */ = {isa = PBXBuildFile; fileRef = 9C2F1E351D0E6E0300A4904A /* RecommendViewController.m */; };
		9C2F1E391D0E6E0D00A4904A /* SocialViewController.m in Sources */ = {isa = PBXBuildFile; fileRef = 9C2F1E381D0E6E0D00A4904A /* SocialViewController.m */; };
		9C2F1E3B1D0E6E5300A4904A /* Main.storyboard in Resources */ = {isa = PBXBuildFile; fileRef = 9C2F1E3A1D0E6E5300A4904A /* Main.storyboard */; };
		9C834F081D0E6D7100F1D38F /* ViewController.m in Sources */ = {isa = PBXBuildFile; fileRef = 9C834F071D0E6D7100F1D38F /* ViewController.m */; };
		9C8CD0C01D0E69E20071DB42 /* main.m in Sources */ = {isa = PBXBuildFile; fileRef = 9C8CD0BF1D0E69E20071DB42 /* main.m */; };
		9C8CD0C31D0E69E20071DB42 /* AppDelegate.m in Sources */ = {isa = PBXBuildFile; fileRef = 9C8CD0C21D0E69E20071DB42 /* AppDelegate.m */; };
		9C8CD0CB1D0E69E20071DB42 /* Assets.xcassets in Resources */ = {isa = PBXBuildFile; fileRef = 9C8CD0CA1D0E69E20071DB42 /* Assets.xcassets */; };
		9C8CD0CE1D0E69E20071DB42 /* LaunchScreen.storyboard in Resources */ = {isa = PBXBuildFile; fileRef = 9C8CD0CC1D0E69E20071DB42 /* LaunchScreen.storyboard */; };
		9C8CD0D91D0E69E20071DB42 /* NewsProjectTests.m in Sources */ = {isa = PBXBuildFile; fileRef = 9C8CD0D81D0E69E20071DB42 /* NewsProjectTests.m */; };
		9C8CD0E41D0E69E20071DB42 /* NewsProjectUITests.m in Sources */ = {isa = PBXBuildFile; fileRef = 9C8CD0E31D0E69E20071DB42 /* NewsProjectUITests.m */; };
/* End PBXBuildFile section */

/* Begin PBXContainerItemProxy section */
		9C8CD0D51D0E69E20071DB42 /* PBXContainerItemProxy */ = {
			isa = PBXContainerItemProxy;
			containerPortal = 9C8CD0B31D0E69E20071DB42 /* Project object */;
			proxyType = 1;
			remoteGlobalIDString = 9C8CD0BA1D0E69E20071DB42;
			remoteInfo = NewsProject;
		};
		9C8CD0E01D0E69E20071DB42 /* PBXContainerItemProxy */ = {
			isa = PBXContainerItemProxy;
			containerPortal = 9C8CD0B31D0E69E20071DB42 /* Project object */;
			proxyType = 1;
			remoteGlobalIDString = 9C8CD0BA1D0E69E20071DB42;
			remoteInfo = NewsProject;
		};
/* End PBXContainerItemProxy section */

/* Begin PBXFileReference section */
		9C2527C91D0E77EF00BAB8CA /* 2.gif */ = {isa = PBXFileReference; lastKnownFileType = image.gif; path = 2.gif; sourceTree = "<group>"; };
		9C2F1E251D0E6DBE00A4904A /* EntertainmentViewController.h */ = {isa = PBXFileReference; fileEncoding = 4; lastKnownFileType = sourcecode.c.h; path = EntertainmentViewController.h; sourceTree = "<group>"; };
		9C2F1E261D0E6DBE00A4904A /* EntertainmentViewController.m */ = {isa = PBXFileReference; fileEncoding = 4; lastKnownFileType = sourcecode.c.objc; path = EntertainmentViewController.m; sourceTree = "<group>"; };
		9C2F1E281D0E6DD300A4904A /* FashionViewController.h */ = {isa = PBXFileReference; fileEncoding = 4; lastKnownFileType = sourcecode.c.h; path = FashionViewController.h; sourceTree = "<group>"; };
		9C2F1E291D0E6DD300A4904A /* FashionViewController.m */ = {isa = PBXFileReference; fileEncoding = 4; lastKnownFileType = sourcecode.c.objc; path = FashionViewController.m; sourceTree = "<group>"; };
		9C2F1E2B1D0E6DDD00A4904A /* FunnyViewController.h */ = {isa = PBXFileReference; fileEncoding = 4; lastKnownFileType = sourcecode.c.h; path = FunnyViewController.h; sourceTree = "<group>"; };
		9C2F1E2C1D0E6DDD00A4904A /* FunnyViewController.m */ = {isa = PBXFileReference; fileEncoding = 4; lastKnownFileType = sourcecode.c.objc; path = FunnyViewController.m; sourceTree = "<group>"; };
		9C2F1E2E1D0E6DEB00A4904A /* MilitaryViewController.h */ = {isa = PBXFileReference; fileEncoding = 4; lastKnownFileType = sourcecode.c.h; path = MilitaryViewController.h; sourceTree = "<group>"; };
		9C2F1E2F1D0E6DEB00A4904A /* MilitaryViewController.m */ = {isa = PBXFileReference; fileEncoding = 4; lastKnownFileType = sourcecode.c.objc; path = MilitaryViewController.m; sourceTree = "<group>"; };
		9C2F1E311D0E6DF900A4904A /* MitoViewController.h */ = {isa = PBXFileReference; fileEncoding = 4; lastKnownFileType = sourcecode.c.h; path = MitoViewController.h; sourceTree = "<group>"; };
		9C2F1E321D0E6DF900A4904A /* MitoViewController.m */ = {isa = PBXFileReference; fileEncoding = 4; lastKnownFileType = sourcecode.c.objc; path = MitoViewController.m; sourceTree = "<group>"; };
		9C2F1E341D0E6E0300A4904A /* RecommendViewController.h */ = {isa = PBXFileReference; fileEncoding = 4; lastKnownFileType = sourcecode.c.h; path = RecommendViewController.h; sourceTree = "<group>"; };
		9C2F1E351D0E6E0300A4904A /* RecommendViewController.m */ = {isa = PBXFileReference; fileEncoding = 4; lastKnownFileType = sourcecode.c.objc; path = RecommendViewController.m; sourceTree = "<group>"; };
		9C2F1E371D0E6E0D00A4904A /* SocialViewController.h */ = {isa = PBXFileReference; fileEncoding = 4; lastKnownFileType = sourcecode.c.h; path = SocialViewController.h; sourceTree = "<group>"; };
		9C2F1E381D0E6E0D00A4904A /* SocialViewController.m */ = {isa = PBXFileReference; fileEncoding = 4; lastKnownFileType = sourcecode.c.objc; path = SocialViewController.m; sourceTree = "<group>"; };
		9C2F1E3A1D0E6E5300A4904A /* Main.storyboard */ = {isa = PBXFileReference; fileEncoding = 4; lastKnownFileType = file.storyboard; path = Main.storyboard; sourceTree = "<group>"; };
		9C834F061D0E6D7100F1D38F /* ViewController.h */ = {isa = PBXFileReference; fileEncoding = 4; lastKnownFileType = sourcecode.c.h; path = ViewController.h; sourceTree = "<group>"; };
		9C834F071D0E6D7100F1D38F /* ViewController.m */ = {isa = PBXFileReference; fileEncoding = 4; lastKnownFileType = sourcecode.c.objc; path = ViewController.m; sourceTree = "<group>"; };
		9C8CD0BB1D0E69E20071DB42 /* NewsProject.app */ = {isa = PBXFileReference; explicitFileType = wrapper.application; includeInIndex = 0; path = NewsProject.app; sourceTree = BUILT_PRODUCTS_DIR; };
		9C8CD0BF1D0E69E20071DB42 /* main.m */ = {isa = PBXFileReference; lastKnownFileType = sourcecode.c.objc; path = main.m; sourceTree = "<group>"; };
		9C8CD0C11D0E69E20071DB42 /* AppDelegate.h */ = {isa = PBXFileReference; lastKnownFileType = sourcecode.c.h; path = AppDelegate.h; sourceTree = "<group>"; };
		9C8CD0C21D0E69E20071DB42 /* AppDelegate.m */ = {isa = PBXFileReference; lastKnownFileType = sourcecode.c.objc; path = AppDelegate.m; sourceTree = "<group>"; };
		9C8CD0CA1D0E69E20071DB42 /* Assets.xcassets */ = {isa = PBXFileReference; lastKnownFileType = folder.assetcatalog; path = Assets.xcassets; sourceTree = "<group>"; };
		9C8CD0CD1D0E69E20071DB42 /* Base */ = {isa = PBXFileReference; lastKnownFileType = file.storyboard; name = Base; path = Base.lproj/LaunchScreen.storyboard; sourceTree = "<group>"; };
		9C8CD0CF1D0E69E20071DB42 /* Info.plist */ = {isa = PBXFileReference; lastKnownFileType = text.plist.xml; path = Info.plist; sourceTree = "<group>"; };
		9C8CD0D41D0E69E20071DB42 /* NewsProjectTests.xctest */ = {isa = PBXFileReference; explicitFileType = wrapper.cfbundle; includeInIndex = 0; path = NewsProjectTests.xctest; sourceTree = BUILT_PRODUCTS_DIR; };
		9C8CD0D81D0E69E20071DB42 /* NewsProjectTests.m */ = {isa = PBXFileReference; lastKnownFileType = sourcecode.c.objc; path = NewsProjectTests.m; sourceTree = "<group>"; };
		9C8CD0DA1D0E69E20071DB42 /* Info.plist */ = {isa = PBXFileReference; lastKnownFileType = text.plist.xml; path = Info.plist; sourceTree = "<group>"; };
		9C8CD0DF1D0E69E20071DB42 /* NewsProjectUITests.xctest */ = {isa = PBXFileReference; explicitFileType = wrapper.cfbundle; includeInIndex = 0; path = NewsProjectUITests.xctest; sourceTree = BUILT_PRODUCTS_DIR; };
		9C8CD0E31D0E69E20071DB42 /* NewsProjectUITests.m */ = {isa = PBXFileReference; lastKnownFileType = sourcecode.c.objc; path = NewsProjectUITests.m; sourceTree = "<group>"; };
		9C8CD0E51D0E69E20071DB42 /* Info.plist */ = {isa = PBXFileReference; lastKnownFileType = text.plist.xml; path = Info.plist; sourceTree = "<group>"; };
/* End PBXFileReference section */

/* Begin PBXFrameworksBuildPhase section */
		9C8CD0B81D0E69E20071DB42 /* Frameworks */ = {
			isa = PBXFrameworksBuildPhase;
			buildActionMask = 2147483647;
			files = (
			);
			runOnlyForDeploymentPostprocessing = 0;
		};
		9C8CD0D11D0E69E20071DB42 /* Frameworks */ = {
			isa = PBXFrameworksBuildPhase;
			buildActionMask = 2147483647;
			files = (
			);
			runOnlyForDeploymentPostprocessing = 0;
		};
		9C8CD0DC1D0E69E20071DB42 /* Frameworks */ = {
			isa = PBXFrameworksBuildPhase;
			buildActionMask = 2147483647;
			files = (
			);
			runOnlyForDeploymentPostprocessing = 0;
		};
/* End PBXFrameworksBuildPhase section */

/* Begin PBXGroup section */
		9C8CD0B21D0E69E20071DB42 = {
			isa = PBXGroup;
			children = (
				9C8CD0BD1D0E69E20071DB42 /* NewsProject */,
				9C8CD0D71D0E69E20071DB42 /* NewsProjectTests */,
				9C8CD0E21D0E69E20071DB42 /* NewsProjectUITests */,
				9C8CD0BC1D0E69E20071DB42 /* Products */,
			);
			sourceTree = "<group>";
		};
		9C8CD0BC1D0E69E20071DB42 /* Products */ = {
			isa = PBXGroup;
			children = (
				9C8CD0BB1D0E69E20071DB42 /* NewsProject.app */,
				9C8CD0D41D0E69E20071DB42 /* NewsProjectTests.xctest */,
				9C8CD0DF1D0E69E20071DB42 /* NewsProjectUITests.xctest */,
			);
			name = Products;
			sourceTree = "<group>";
		};
		9C8CD0BD1D0E69E20071DB42 /* NewsProject */ = {
			isa = PBXGroup;
			children = (
				9C8CD0C11D0E69E20071DB42 /* AppDelegate.h */,
				9C8CD0C21D0E69E20071DB42 /* AppDelegate.m */,
				9C834F061D0E6D7100F1D38F /* ViewController.h */,
				9C834F071D0E6D7100F1D38F /* ViewController.m */,
				9C2F1E251D0E6DBE00A4904A /* EntertainmentViewController.h */,
				9C2F1E261D0E6DBE00A4904A /* EntertainmentViewController.m */,
				9C2F1E281D0E6DD300A4904A /* FashionViewController.h */,
				9C2F1E291D0E6DD300A4904A /* FashionViewController.m */,
				9C2F1E2B1D0E6DDD00A4904A /* FunnyViewController.h */,
				9C2F1E2C1D0E6DDD00A4904A /* FunnyViewController.m */,
				9C2F1E2E1D0E6DEB00A4904A /* MilitaryViewController.h */,
				9C2F1E2F1D0E6DEB00A4904A /* MilitaryViewController.m */,
				9C2F1E311D0E6DF900A4904A /* MitoViewController.h */,
				9C2F1E321D0E6DF900A4904A /* MitoViewController.m */,
				9C2F1E341D0E6E0300A4904A /* RecommendViewController.h */,
				9C2F1E351D0E6E0300A4904A /* RecommendViewController.m */,
				9C2F1E371D0E6E0D00A4904A /* SocialViewController.h */,
				9C2F1E381D0E6E0D00A4904A /* SocialViewController.m */,
				9C2F1E3A1D0E6E5300A4904A /* Main.storyboard */,
				9C8CD0CA1D0E69E20071DB42 /* Assets.xcassets */,
				9C8CD0CC1D0E69E20071DB42 /* LaunchScreen.storyboard */,
				9C8CD0CF1D0E69E20071DB42 /* Info.plist */,
				9C8CD0BE1D0E69E20071DB42 /* Supporting Files */,
			);
			path = NewsProject;
			sourceTree = "<group>";
		};
		9C8CD0BE1D0E69E20071DB42 /* Supporting Files */ = {
			isa = PBXGroup;
			children = (
				9C2527C91D0E77EF00BAB8CA /* 2.gif */,
				9C8CD0BF1D0E69E20071DB42 /* main.m */,
			);
			name = "Supporting Files";
			sourceTree = "<group>";
		};
		9C8CD0D71D0E69E20071DB42 /* NewsProjectTests */ = {
			isa = PBXGroup;
			children = (
				9C8CD0D81D0E69E20071DB42 /* NewsProjectTests.m */,
				9C8CD0DA1D0E69E20071DB42 /* Info.plist */,
			);
			path = NewsProjectTests;
			sourceTree = "<group>";
		};
		9C8CD0E21D0E69E20071DB42 /* NewsProjectUITests */ = {
			isa = PBXGroup;
			children = (
				9C8CD0E31D0E69E20071DB42 /* NewsProjectUITests.m */,
				9C8CD0E51D0E69E20071DB42 /* Info.plist */,
			);
			path = NewsProjectUITests;
			sourceTree = "<group>";
		};
/* End PBXGroup section */

/* Begin PBXNativeTarget section */
		9C8CD0BA1D0E69E20071DB42 /* NewsProject */ = {
			isa = PBXNativeTarget;
			buildConfigurationList = 9C8CD0E81D0E69E20071DB42 /* Build configuration list for PBXNativeTarget "NewsProject" */;
			buildPhases = (
				9C8CD0B71D0E69E20071DB42 /* Sources */,
				9C8CD0B81D0E69E20071DB42 /* Frameworks */,
				9C8CD0B91D0E69E20071DB42 /* Resources */,
			);
			buildRules = (
			);
			dependencies = (
			);
			name = NewsProject;
			productName = NewsProject;
			productReference = 9C8CD0BB1D0E69E20071DB42 /* NewsProject.app */;
			productType = "com.apple.product-type.application";
		};
		9C8CD0D31D0E69E20071DB42 /* NewsProjectTests */ = {
			isa = PBXNativeTarget;
			buildConfigurationList = 9C8CD0EB1D0E69E20071DB42 /* Build configuration list for PBXNativeTarget "NewsProjectTests" */;
			buildPhases = (
				9C8CD0D01D0E69E20071DB42 /* Sources */,
				9C8CD0D11D0E69E20071DB42 /* Frameworks */,
				9C8CD0D21D0E69E20071DB42 /* Resources */,
			);
			buildRules = (
			);
			dependencies = (
				9C8CD0D61D0E69E20071DB42 /* PBXTargetDependency */,
			);
			name = NewsProjectTests;
			productName = NewsProjectTests;
			productReference = 9C8CD0D41D0E69E20071DB42 /* NewsProjectTests.xctest */;
			productType = "com.apple.product-type.bundle.unit-test";
		};
		9C8CD0DE1D0E69E20071DB42 /* NewsProjectUITests */ = {
			isa = PBXNativeTarget;
			buildConfigurationList = 9C8CD0EE1D0E69E20071DB42 /* Build configuration list for PBXNativeTarget "NewsProjectUITests" */;
			buildPhases = (
				9C8CD0DB1D0E69E20071DB42 /* Sources */,
				9C8CD0DC1D0E69E20071DB42 /* Frameworks */,
				9C8CD0DD1D0E69E20071DB42 /* Resources */,
			);
			buildRules = (
			);
			dependencies = (
				9C8CD0E11D0E69E20071DB42 /* PBXTargetDependency */,
			);
			name = NewsProjectUITests;
			productName = NewsProjectUITests;
			productReference = 9C8CD0DF1D0E69E20071DB42 /* NewsProjectUITests.xctest */;
			productType = "com.apple.product-type.bundle.ui-testing";
		};
/* End PBXNativeTarget section */

/* Begin PBXProject section */
		9C8CD0B31D0E69E20071DB42 /* Project object */ = {
			isa = PBXProject;
			attributes = {
				LastUpgradeCheck = 0730;
				ORGANIZATIONNAME = LOVE;
				TargetAttributes = {
					9C8CD0BA1D0E69E20071DB42 = {
						CreatedOnToolsVersion = 7.3;
					};
					9C8CD0D31D0E69E20071DB42 = {
						CreatedOnToolsVersion = 7.3;
						TestTargetID = 9C8CD0BA1D0E69E20071DB42;
					};
					9C8CD0DE1D0E69E20071DB42 = {
						CreatedOnToolsVersion = 7.3;
						TestTargetID = 9C8CD0BA1D0E69E20071DB42;
					};
				};
			};
			buildConfigurationList = 9C8CD0B61D0E69E20071DB42 /* Build configuration list for PBXProject "NewsProject" */;
			compatibilityVersion = "Xcode 3.2";
			developmentRegion = English;
			hasScannedForEncodings = 0;
			knownRegions = (
				en,
				Base,
			);
			mainGroup = 9C8CD0B21D0E69E20071DB42;
			productRefGroup = 9C8CD0BC1D0E69E20071DB42 /* Products */;
			projectDirPath = "";
			projectRoot = "";
			targets = (
				9C8CD0BA1D0E69E20071DB42 /* NewsProject */,
				9C8CD0D31D0E69E20071DB42 /* NewsProjectTests */,
				9C8CD0DE1D0E69E20071DB42 /* NewsProjectUITests */,
			);
		};
/* End PBXProject section */

/* Begin PBXResourcesBuildPhase section */
		9C8CD0B91D0E69E20071DB42 /* Resources */ = {
			isa = PBXResourcesBuildPhase;
			buildActionMask = 2147483647;
			files = (
				9C2F1E3B1D0E6E5300A4904A /* Main.storyboard in Resources */,
				9C8CD0CE1D0E69E20071DB42 /* LaunchScreen.storyboard in Resources */,
				9C8CD0CB1D0E69E20071DB42 /* Assets.xcassets in Resources */,
				9C2527CA1D0E77EF00BAB8CA /* 2.gif in Resources */,
			);
			runOnlyForDeploymentPostprocessing = 0;
		};
		9C8CD0D21D0E69E20071DB42 /* Resources */ = {
			isa = PBXResourcesBuildPhase;
			buildActionMask = 2147483647;
			files = (
			);
			runOnlyForDeploymentPostprocessing = 0;
		};
		9C8CD0DD1D0E69E20071DB42 /* Resources */ = {
			isa = PBXResourcesBuildPhase;
			buildActionMask = 2147483647;
			files = (
			);
			runOnlyForDeploymentPostprocessing = 0;
		};
/* End PBXResourcesBuildPhase section */

/* Begin PBXSourcesBuildPhase section */
		9C8CD0B71D0E69E20071DB42 /* Sources */ = {
			isa = PBXSourcesBuildPhase;
			buildActionMask = 2147483647;
			files = (
				9C2F1E2A1D0E6DD300A4904A /* FashionViewController.m in Sources */,
				9C834F081D0E6D7100F1D38F /* ViewController.m in Sources */,
				9C2F1E271D0E6DBE00A4904A /* EntertainmentViewController.m in Sources */,
				9C2F1E301D0E6DEB00A4904A /* MilitaryViewController.m in Sources */,
				9C8CD0C31D0E69E20071DB42 /* AppDelegate.m in Sources */,
				9C8CD0C01D0E69E20071DB42 /* main.m in Sources */,
				9C2F1E2D1D0E6DDD00A4904A /* FunnyViewController.m in Sources */,
				9C2F1E391D0E6E0D00A4904A /* SocialViewController.m in Sources */,
				9C2F1E331D0E6DF900A4904A /* MitoViewController.m in Sources */,
				9C2F1E361D0E6E0300A4904A /* RecommendViewController.m in Sources */,
			);
			runOnlyForDeploymentPostprocessing = 0;
		};
		9C8CD0D01D0E69E20071DB42 /* Sources */ = {
			isa = PBXSourcesBuildPhase;
			buildActionMask = 2147483647;
			files = (
				9C8CD0D91D0E69E20071DB42 /* NewsProjectTests.m in Sources */,
			);
			runOnlyForDeploymentPostprocessing = 0;
		};
		9C8CD0DB1D0E69E20071DB42 /* Sources */ = {
			isa = PBXSourcesBuildPhase;
			buildActionMask = 2147483647;
			files = (
				9C8CD0E41D0E69E20071DB42 /* NewsProjectUITests.m in Sources */,
			);
			runOnlyForDeploymentPostprocessing = 0;
		};
/* End PBXSourcesBuildPhase section */

/* Begin PBXTargetDependency section */
		9C8CD0D61D0E69E20071DB42 /* PBXTargetDependency */ = {
			isa = PBXTargetDependency;
			target = 9C8CD0BA1D0E69E20071DB42 /* NewsProject */;
			targetProxy = 9C8CD0D51D0E69E20071DB42 /* PBXContainerItemProxy */;
		};
		9C8CD0E11D0E69E20071DB42 /* PBXTargetDependency */ = {
			isa = PBXTargetDependency;
			target = 9C8CD0BA1D0E69E20071DB42 /* NewsProject */;
			targetProxy = 9C8CD0E01D0E69E20071DB42 /* PBXContainerItemProxy */;
		};
/* End PBXTargetDependency section */

/* Begin PBXVariantGroup section */
		9C8CD0CC1D0E69E20071DB42 /* LaunchScreen.storyboard */ = {
			isa = PBXVariantGroup;
			children = (
				9C8CD0CD1D0E69E20071DB42 /* Base */,
			);
			name = LaunchScreen.storyboard;
			sourceTree = "<group>";
		};
/* End PBXVariantGroup section */

/* Begin XCBuildConfiguration section */
		9C8CD0E61D0E69E20071DB42 /* Debug */ = {
			isa = XCBuildConfiguration;
			buildSettings = {
				ALWAYS_SEARCH_USER_PATHS = NO;
				CLANG_ANALYZER_NONNULL = YES;
				CLANG_CXX_LANGUAGE_STANDARD = "gnu++0x";
				CLANG_CXX_LIBRARY = "libc++";
				CLANG_ENABLE_MODULES = YES;
				CLANG_ENABLE_OBJC_ARC = YES;
				CLANG_WARN_BOOL_CONVERSION = YES;
				CLANG_WARN_CONSTANT_CONVERSION = YES;
				CLANG_WARN_DIRECT_OBJC_ISA_USAGE = YES_ERROR;
				CLANG_WARN_EMPTY_BODY = YES;
				CLANG_WARN_ENUM_CONVERSION = YES;
				CLANG_WARN_INT_CONVERSION = YES;
				CLANG_WARN_OBJC_ROOT_CLASS = YES_ERROR;
				CLANG_WARN_UNREACHABLE_CODE = YES;
				CLANG_WARN__DUPLICATE_METHOD_MATCH = YES;
				"CODE_SIGN_IDENTITY[sdk=iphoneos*]" = "iPhone Developer";
				COPY_PHASE_STRIP = NO;
				DEBUG_INFORMATION_FORMAT = dwarf;
				ENABLE_STRICT_OBJC_MSGSEND = YES;
				ENABLE_TESTABILITY = YES;
				GCC_C_LANGUAGE_STANDARD = gnu99;
				GCC_DYNAMIC_NO_PIC = NO;
				GCC_NO_COMMON_BLOCKS = YES;
				GCC_OPTIMIZATION_LEVEL = 0;
				GCC_PREPROCESSOR_DEFINITIONS = (
					"DEBUG=1",
					"$(inherited)",
				);
				GCC_WARN_64_TO_32_BIT_CONVERSION = YES;
				GCC_WARN_ABOUT_RETURN_TYPE = YES_ERROR;
				GCC_WARN_UNDECLARED_SELECTOR = YES;
				GCC_WARN_UNINITIALIZED_AUTOS = YES_AGGRESSIVE;
				GCC_WARN_UNUSED_FUNCTION = YES;
				GCC_WARN_UNUSED_VARIABLE = YES;
				IPHONEOS_DEPLOYMENT_TARGET = 9.3;
				MTL_ENABLE_DEBUG_INFO = YES;
				ONLY_ACTIVE_ARCH = YES;
				SDKROOT = iphoneos;
				TARGETED_DEVICE_FAMILY = "1,2";
			};
			name = Debug;
		};
		9C8CD0E71D0E69E20071DB42 /* Release */ = {
			isa = XCBuildConfiguration;
			buildSettings = {
				ALWAYS_SEARCH_USER_PATHS = NO;
				CLANG_ANALYZER_NONNULL = YES;
				CLANG_CXX_LANGUAGE_STANDARD = "gnu++0x";
				CLANG_CXX_LIBRARY = "libc++";
				CLANG_ENABLE_MODULES = YES;
				CLANG_ENABLE_OBJC_ARC = YES;
				CLANG_WARN_BOOL_CONVERSION = YES;
				CLANG_WARN_CONSTANT_CONVERSION = YES;
				CLANG_WARN_DIRECT_OBJC_ISA_USAGE = YES_ERROR;
				CLANG_WARN_EMPTY_BODY = YES;
				CLANG_WARN_ENUM_CONVERSION = YES;
				CLANG_WARN_INT_CONVERSION = YES;
				CLANG_WARN_OBJC_ROOT_CLASS = YES_ERROR;
				CLANG_WARN_UNREACHABLE_CODE = YES;
				CLANG_WARN__DUPLICATE_METHOD_MATCH = YES;
				"CODE_SIGN_IDENTITY[sdk=iphoneos*]" = "iPhone Developer";
				COPY_PHASE_STRIP = NO;
				DEBUG_INFORMATION_FORMAT = "dwarf-with-dsym";
				ENABLE_NS_ASSERTIONS = NO;
				ENABLE_STRICT_OBJC_MSGSEND = YES;
				GCC_C_LANGUAGE_STANDARD = gnu99;
				GCC_NO_COMMON_BLOCKS = YES;
				GCC_WARN_64_TO_32_BIT_CONVERSION = YES;
				GCC_WARN_ABOUT_RETURN_TYPE = YES_ERROR;
				GCC_WARN_UNDECLARED_SELECTOR = YES;
				GCC_WARN_UNINITIALIZED_AUTOS = YES_AGGRESSIVE;
				GCC_WARN_UNUSED_FUNCTION = YES;
				GCC_WARN_UNUSED_VARIABLE = YES;
				IPHONEOS_DEPLOYMENT_TARGET = 9.3;
				MTL_ENABLE_DEBUG_INFO = NO;
				SDKROOT = iphoneos;
				TARGETED_DEVICE_FAMILY = "1,2";
				VALIDATE_PRODUCT = YES;
			};
			name = Release;
		};
		9C8CD0E91D0E69E20071DB42 /* Debug */ = {
			isa = XCBuildConfiguration;
			buildSettings = {
				ASSETCATALOG_COMPILER_APPICON_NAME = AppIcon;
				INFOPLIST_FILE = NewsProject/Info.plist;
				LD_RUNPATH_SEARCH_PATHS = "$(inherited) @executable_path/Frameworks";
				PRODUCT_BUNDLE_IDENTIFIER = huahua.NewsProject;
				PRODUCT_NAME = "$(TARGET_NAME)";
			};
			name = Debug;
		};
		9C8CD0EA1D0E69E20071DB42 /* Release */ = {
			isa = XCBuildConfiguration;
			buildSettings = {
				ASSETCATALOG_COMPILER_APPICON_NAME = AppIcon;
				INFOPLIST_FILE = NewsProject/Info.plist;
				LD_RUNPATH_SEARCH_PATHS = "$(inherited) @executable_path/Frameworks";
				PRODUCT_BUNDLE_IDENTIFIER = huahua.NewsProject;
				PRODUCT_NAME = "$(TARGET_NAME)";
			};
			name = Release;
		};
		9C8CD0EC1D0E69E20071DB42 /* Debug */ = {
			isa = XCBuildConfiguration;
			buildSettings = {
				BUNDLE_LOADER = "$(TEST_HOST)";
				INFOPLIST_FILE = NewsProjectTests/Info.plist;
				LD_RUNPATH_SEARCH_PATHS = "$(inherited) @executable_path/Frameworks @loader_path/Frameworks";
				PRODUCT_BUNDLE_IDENTIFIER = huahua.NewsProjectTests;
				PRODUCT_NAME = "$(TARGET_NAME)";
				TEST_HOST = "$(BUILT_PRODUCTS_DIR)/NewsProject.app/NewsProject";
			};
			name = Debug;
		};
		9C8CD0ED1D0E69E20071DB42 /* Release */ = {
			isa = XCBuildConfiguration;
			buildSettings = {
				BUNDLE_LOADER = "$(TEST_HOST)";
				INFOPLIST_FILE = NewsProjectTests/Info.plist;
				LD_RUNPATH_SEARCH_PATHS = "$(inherited) @executable_path/Frameworks @loader_path/Frameworks";
				PRODUCT_BUNDLE_IDENTIFIER = huahua.NewsProjectTests;
				PRODUCT_NAME = "$(TARGET_NAME)";
				TEST_HOST = "$(BUILT_PRODUCTS_DIR)/NewsProject.app/NewsProject";
			};
			name = Release;
		};
		9C8CD0EF1D0E69E20071DB42 /* Debug */ = {
			isa = XCBuildConfiguration;
			buildSettings = {
				INFOPLIST_FILE = NewsProjectUITests/Info.plist;
				LD_RUNPATH_SEARCH_PATHS = "$(inherited) @executable_path/Frameworks @loader_path/Frameworks";
				PRODUCT_BUNDLE_IDENTIFIER = huahua.NewsProjectUITests;
				PRODUCT_NAME = "$(TARGET_NAME)";
				TEST_TARGET_NAME = NewsProject;
			};
			name = Debug;
		};
		9C8CD0F01D0E69E20071DB42 /* Release */ = {
			isa = XCBuildConfiguration;
			buildSettings = {
				INFOPLIST_FILE = NewsProjectUITests/Info.plist;
				LD_RUNPATH_SEARCH_PATHS = "$(inherited) @executable_path/Frameworks @loader_path/Frameworks";
				PRODUCT_BUNDLE_IDENTIFIER = huahua.NewsProjectUITests;
				PRODUCT_NAME = "$(TARGET_NAME)";
				TEST_TARGET_NAME = NewsProject;
			};
			name = Release;
		};
/* End XCBuildConfiguration section */

/* Begin XCConfigurationList section */
		9C8CD0B61D0E69E20071DB42 /* Build configuration list for PBXProject "NewsProject" */ = {
			isa = XCConfigurationList;
			buildConfigurations = (
				9C8CD0E61D0E69E20071DB42 /* Debug */,
				9C8CD0E71D0E69E20071DB42 /* Release */,
			);
			defaultConfigurationIsVisible = 0;
			defaultConfigurationName = Release;
		};
		9C8CD0E81D0E69E20071DB42 /* Build configuration list for PBXNativeTarget "NewsProject" */ = {
			isa = XCConfigurationList;
			buildConfigurations = (
				9C8CD0E91D0E69E20071DB42 /* Debug */,
				9C8CD0EA1D0E69E20071DB42 /* Release */,
			);
			defaultConfigurationIsVisible = 0;
			defaultConfigurationName = Release;
		};
		9C8CD0EB1D0E69E20071DB42 /* Build configuration list for PBXNativeTarget "NewsProjectTests" */ = {
			isa = XCConfigurationList;
			buildConfigurations = (
				9C8CD0EC1D0E69E20071DB42 /* Debug */,
				9C8CD0ED1D0E69E20071DB42 /* Release */,
			);
			defaultConfigurationIsVisible = 0;
			defaultConfigurationName = Release;
		};
		9C8CD0EE1D0E69E20071DB42 /* Build configuration list for PBXNativeTarget "NewsProjectUITests" */ = {
			isa = XCConfigurationList;
			buildConfigurations = (
				9C8CD0EF1D0E69E20071DB42 /* Debug */,
				9C8CD0F01D0E69E20071DB42 /* Release */,
			);
			defaultConfigurationIsVisible = 0;
			defaultConfigurationName = Release;
		};
/* End XCConfigurationList section */
	};
	rootObject = 9C8CD0B31D0E69E20071DB42 /* Project object */;
}
